// !$*UTF8*$!
{
	archiveVersion = 1;
	classes = {
	};
	objectVersion = 46;
	objects = {

/* Begin PBXBuildFile section */
		0207DA581B56EA530066E2B4 /* Images.xcassets in Resources */ = {isa = PBXBuildFile; fileRef = 0207DA571B56EA530066E2B4 /* Images.xcassets */; };
		038988C975144DA4B10ADD90 /* CDVNotification.bundle in Resources */ = {isa = PBXBuildFile; fileRef = 5EBE5774857F4CDAA4A50E7E /* CDVNotification.bundle */; };
		044BDB3C1DEF4453AB230101 /* UIKit.framework in Frameworks */ = {isa = PBXBuildFile; fileRef = 4A457DE29EAC49FD8CB38BA7 /* UIKit.framework */; };
		05FBA1E56CCF4327AEA684AC /* CDVContacts.m in Sources */ = {isa = PBXBuildFile; fileRef = F47B014B1A114B378F209B23 /* CDVContacts.m */; };
		0B508E818B424FA193471873 /* MyPluginLayer.m in Sources */ = {isa = PBXBuildFile; fileRef = 5C43DE8DD9374329880CEFEF /* MyPluginLayer.m */; };
		0B6F1BEBDFB8494894970012 /* GoogleMaps.framework in Frameworks */ = {isa = PBXBuildFile; fileRef = A3997BF9D94149C1B9AA834D /* GoogleMaps.framework */; };
		0D09ABC2AF354A839571CA2B /* External.m in Sources */ = {isa = PBXBuildFile; fileRef = 58B9BDBFE9E24170AE6DF1B9 /* External.m */; };
		0EEE30B818CA49AEB343681D /* Settings.bundle in Resources */ = {isa = PBXBuildFile; fileRef = 1EBC3AC8BE9747EA9393997A /* Settings.bundle */; };
		10CB05A5EC2E4960A0C71511 /* libc++.dylib in Frameworks */ = {isa = PBXBuildFile; fileRef = 597FFD1260BD4D56A8071E8D /* libc++.dylib */; settings = {ATTRIBUTES = (Weak, ); }; };
		1112013D47154B9695A95154 /* GMSCoordinateBounds+Geometry.m in Sources */ = {isa = PBXBuildFile; fileRef = F7EEC116B0BC44CCB19BC7DA /* GMSCoordinateBounds+Geometry.m */; };
		111B546304384FC8B2CFC49E /* KmlOverlay.m in Sources */ = {isa = PBXBuildFile; fileRef = 829186688D3D4E94BD7EF924 /* KmlOverlay.m */; };
		1271687857C54A12A61960CC /* MyPluginScrollView.m in Sources */ = {isa = PBXBuildFile; fileRef = DFF9BE41EE0A4C43A2D6EA89 /* MyPluginScrollView.m */; };
		18947D3A7B6D412BA4030064 /* CDVJpegHeaderWriter.m in Sources */ = {isa = PBXBuildFile; fileRef = 8035E80E4D374285A43E76CB /* CDVJpegHeaderWriter.m */; };
		1C4034B00E2E4C56B883F07C /* PluginUtil.m in Sources */ = {isa = PBXBuildFile; fileRef = 0318843A1FD64FA8B664CE46 /* PluginUtil.m */; };
		1D3623260D0F684500981E51 /* AppDelegate.m in Sources */ = {isa = PBXBuildFile; fileRef = 1D3623250D0F684500981E51 /* AppDelegate.m */; };
		1D60589B0D05DD56006BFB54 /* main.m in Sources */ = {isa = PBXBuildFile; fileRef = 29B97316FDCFA39411CA2CEA /* main.m */; };
		21A611138B2D4305B9232C6B /* GoogleMapsViewController.m in Sources */ = {isa = PBXBuildFile; fileRef = 064CE436CD4D420496924B90 /* GoogleMapsViewController.m */; };
		22B919A9F6C34C44A0E88E0B /* TileOverlay.m in Sources */ = {isa = PBXBuildFile; fileRef = C30D4CBA3FAC4925A714E5BE /* TileOverlay.m */; };
		28B98CAD43364D50B1B7901A /* libz.dylib in Frameworks */ = {isa = PBXBuildFile; fileRef = 6E2EC7675F4E491A9CBEB9F1 /* libz.dylib */; settings = {ATTRIBUTES = (Weak, ); }; };
		2A84A90274BF4477B997A369 /* GoogleMaps.m in Sources */ = {isa = PBXBuildFile; fileRef = 0E65E9191745489B8EEF9829 /* GoogleMaps.m */; };
		301BF552109A68D80062928A /* libCordova.a in Frameworks */ = {isa = PBXBuildFile; fileRef = 301BF535109A57CC0062928A /* libCordova.a */; };
		302D95F114D2391D003F00A1 /* MainViewController.m in Sources */ = {isa = PBXBuildFile; fileRef = 302D95EF14D2391D003F00A1 /* MainViewController.m */; };
		302D95F214D2391D003F00A1 /* MainViewController.xib in Resources */ = {isa = PBXBuildFile; fileRef = 302D95F014D2391D003F00A1 /* MainViewController.xib */; };
		3AEA979E1E234BDD90E0C9F4 /* CDVLogger.m in Sources */ = {isa = PBXBuildFile; fileRef = 406CA7B007064AB48738B99A /* CDVLogger.m */; };
		45047FDFB2064BD9881BA2C0 /* CDVMapbox.m in Sources */ = {isa = PBXBuildFile; fileRef = 5F97ECF2484242A59D92E9CB /* CDVMapbox.m */; };
		4A7413A571954F6499CA2B6B /* CDVCamera.m in Sources */ = {isa = PBXBuildFile; fileRef = 3957E9003C9C4304AECD5867 /* CDVCamera.m */; };
		4A7EAE1769804212BE59606A /* CoreData.framework in Frameworks */ = {isa = PBXBuildFile; fileRef = 86F50D311DF14B4899099C93 /* CoreData.framework */; };
		4C8ACE9D71DD4998A4C08C62 /* SQLitePlugin.m in Sources */ = {isa = PBXBuildFile; fileRef = ECC26D963F044161858E57DE /* SQLitePlugin.m */; };
		514E5359FA3B4CF693097AAC /* CDVLocation.m in Sources */ = {isa = PBXBuildFile; fileRef = BB0535899D6E41B9AE6D83B7 /* CDVLocation.m */; };
		581B751B372C496DA006BC30 /* Circle.m in Sources */ = {isa = PBXBuildFile; fileRef = D067CBC929CF40E2A2FC4EAB /* Circle.m */; };
		5A08EA6161D040CA99006138 /* NSData+Base64.m in Sources */ = {isa = PBXBuildFile; fileRef = AFE565B8297849D9B2BEAD58 /* NSData+Base64.m */; };
		5A176988B1444B8F85C46C62 /* CDVViewController+SplashScreen.m in Sources */ = {isa = PBXBuildFile; fileRef = FC266DB0219049E3865D61A9 /* CDVViewController+SplashScreen.m */; };
		62F0184493A24925A9D5DE88 /* AddressBookUI.framework in Frameworks */ = {isa = PBXBuildFile; fileRef = 20AA59697A474512AF3C660E /* AddressBookUI.framework */; settings = {ATTRIBUTES = (Weak, ); }; };
		6AFF5BF91D6E424B00AB3073 /* CDVLaunchScreen.storyboard in Resources */ = {isa = PBXBuildFile; fileRef = 6AFF5BF81D6E424B00AB3073 /* CDVLaunchScreen.storyboard */; };
		6BE4EBC2D99B4D7ABD86DC89 /* GoogleMapsBase.framework in Frameworks */ = {isa = PBXBuildFile; fileRef = F8ABA6ABEDDE4276A0632061 /* GoogleMapsBase.framework */; };
		6CF6266E62004096BEDF0AB0 /* Marker.m in Sources */ = {isa = PBXBuildFile; fileRef = AF539A0638D24E179BBCCDF9 /* Marker.m */; };
		6E66A2777DF14EA3BA9CA90D /* Map.m in Sources */ = {isa = PBXBuildFile; fileRef = B92D38C80BCA41F08643DAA4 /* Map.m */; };
		73B74CEFDE544DE8A318DF6D /* GoogleMaps.bundle in Resources */ = {isa = PBXBuildFile; fileRef = 8132E7A0625049619E83EB1F /* GoogleMaps.bundle */; };
		74748F97C4174FD4BE283993 /* Mapbox.bundle in Resources */ = {isa = PBXBuildFile; fileRef = 76F72B9560064952BB6C78B9 /* Mapbox.bundle */; };
		762409F7086C42CD8845C017 /* UIImage+CropScaleOrientation.m in Sources */ = {isa = PBXBuildFile; fileRef = 01CC012408704ABC8E7D69DB /* UIImage+CropScaleOrientation.m */; };
		764203FCC7ED4B81AA688AF9 /* CDVContact.m in Sources */ = {isa = PBXBuildFile; fileRef = B34B6DE590CA4EEC985851DF /* CDVContact.m */; };
		7A3DFCDB90C142059CB77E2B /* libMapbox.a in Frameworks */ = {isa = PBXBuildFile; fileRef = 4D8E12B25C944FA398225C11 /* libMapbox.a */; };
		8163FC5B4A41439DB5863653 /* QuartzCore.framework in Frameworks */ = {isa = PBXBuildFile; fileRef = 1A272659C90C4F4EBE7B630C /* QuartzCore.framework */; };
		830A63C4598F41D5BC37AAEC /* GoogleMapsCore.framework in Frameworks */ = {isa = PBXBuildFile; fileRef = D33FD6574CC9414B846A0780 /* GoogleMapsCore.framework */; };
		8BC20BF4E17749FD8ADA3540 /* Geocoder.m in Sources */ = {isa = PBXBuildFile; fileRef = 813FB311210043FEA13C5B5A /* Geocoder.m */; };
		8BF2F8E59F934BB4B90952BB /* OpenGLES.framework in Frameworks */ = {isa = PBXBuildFile; fileRef = 5AF16F9CAC894A0E9943D112 /* OpenGLES.framework */; };
		A14C7D88E68B46DDA00DF90B /* ImageIO.framework in Frameworks */ = {isa = PBXBuildFile; fileRef = 3EFFBBBBE5C345248CE8F4B8 /* ImageIO.framework */; };
		A82BBA3E828C4042A0D74C4B /* MyPluginLayerDebugView.m in Sources */ = {isa = PBXBuildFile; fileRef = 3BFA092B72AC4897B7C74E85 /* MyPluginLayerDebugView.m */; };
		AAFEA5B8A7674A2EB068727D /* MyReachability.m in Sources */ = {isa = PBXBuildFile; fileRef = 7D72061A8313429187795917 /* MyReachability.m */; };
		B5C64D87789543369F170F08 /* AudioToolbox.framework in Frameworks */ = {isa = PBXBuildFile; fileRef = BA3BD5545B164F8E854FAAB0 /* AudioToolbox.framework */; settings = {ATTRIBUTES = (Weak, ); }; };
		B720C9D8F6874B67BE90BBEB /* AVFoundation.framework in Frameworks */ = {isa = PBXBuildFile; fileRef = 4A4D292AAC594A4C98047068 /* AVFoundation.framework */; };
		BD177FD48DB847158DF4EAE0 /* CDVNotification.m in Sources */ = {isa = PBXBuildFile; fileRef = 64077CDE948140A8B258BBA2 /* CDVNotification.m */; };
		BF1587B28D904C97A9CA2EA3 /* GroundOverlay.m in Sources */ = {isa = PBXBuildFile; fileRef = 2C58CF9DCC1D4D0CA531BB3B /* GroundOverlay.m */; };
		C1FD5B0EF7604FCDA4424745 /* AddressBook.framework in Frameworks */ = {isa = PBXBuildFile; fileRef = 4C1215BC0DD04812818473C9 /* AddressBook.framework */; settings = {ATTRIBUTES = (Weak, ); }; };
		CD9D84E815E7411689445987 /* libz.tbd in Frameworks */ = {isa = PBXBuildFile; fileRef = 10A78C87C4604F36BB65D015 /* libz.tbd */; };
		D647BAC03D2342EA8B667AEB /* Polyline.m in Sources */ = {isa = PBXBuildFile; fileRef = BE6C96A34279400BA048B233 /* Polyline.m */; };
		D75C55F9BC924CD999347B91 /* SystemConfiguration.framework in Frameworks */ = {isa = PBXBuildFile; fileRef = 0CDD685E5E164A6AA5705DF3 /* SystemConfiguration.framework */; };
		DAEEBAAA828C491F8D91A522 /* CoreText.framework in Frameworks */ = {isa = PBXBuildFile; fileRef = 796E95A6CEA441D1AF0B5770 /* CoreText.framework */; };
		DB056F30B9F342F7B86EDAD2 /* CoreLocation.framework in Frameworks */ = {isa = PBXBuildFile; fileRef = FEAA48B62A8D46AAB7AB7C70 /* CoreLocation.framework */; };
		E0663C8BFF104519A5482B71 /* libc++.tbd in Frameworks */ = {isa = PBXBuildFile; fileRef = FF17DCD7A836479DB4FEC2FA /* libc++.tbd */; };
		E3C508955E9D4CB79AEC83EF /* Accelerate.framework in Frameworks */ = {isa = PBXBuildFile; fileRef = 25424B89A37642E08BB96B25 /* Accelerate.framework */; };
		E61E07F9947546629A5982A2 /* CDVSplashScreen.m in Sources */ = {isa = PBXBuildFile; fileRef = 7ADC4A9092BD40F98E463552 /* CDVSplashScreen.m */; };
		EEC4663F0C6E460B9C457DD7 /* CoreMotion.framework in Frameworks */ = {isa = PBXBuildFile; fileRef = 19E2B3EFA33E42BF9A00FADC /* CoreMotion.framework */; };
		EF1C026DDBE247CD83A3BCB4 /* Polygon.m in Sources */ = {isa = PBXBuildFile; fileRef = 6E3DE23A5D264BDFBABAE02F /* Polygon.m */; };
		EF90E574ED1C467192E76835 /* CDVAccelerometer.m in Sources */ = {isa = PBXBuildFile; fileRef = EE5EE9BCE59546ECB30D55E8 /* CDVAccelerometer.m */; };
		F591A280C6EF4F698F1E6B19 /* GLKit.framework in Frameworks */ = {isa = PBXBuildFile; fileRef = 07EE3AFBAF0A4951A030158F /* GLKit.framework */; };
		F5DB4944D32D4269869FEC6F /* TBXML.m in Sources */ = {isa = PBXBuildFile; fileRef = C62609BA5BB546ECAE3E359E /* TBXML.m */; };
		FD84247CD0074E0D8B295BFF /* libsqlite3.dylib in Frameworks */ = {isa = PBXBuildFile; fileRef = DB5AB13D6C264179B6713FEB /* libsqlite3.dylib */; settings = {ATTRIBUTES = (Weak, ); }; };
/* End PBXBuildFile section */

/* Begin PBXContainerItemProxy section */
		301BF534109A57CC0062928A /* PBXContainerItemProxy */ = {
			isa = PBXContainerItemProxy;
			containerPortal = 301BF52D109A57CC0062928A /* CordovaLib.xcodeproj */;
			proxyType = 2;
			remoteGlobalIDString = D2AAC07E0554694100DB518D;
			remoteInfo = CordovaLib;
		};
		301BF550109A68C00062928A /* PBXContainerItemProxy */ = {
			isa = PBXContainerItemProxy;
			containerPortal = 301BF52D109A57CC0062928A /* CordovaLib.xcodeproj */;
			proxyType = 1;
			remoteGlobalIDString = D2AAC07D0554694100DB518D;
			remoteInfo = CordovaLib;
		};
/* End PBXContainerItemProxy section */

/* Begin PBXFileReference section */
		01CC012408704ABC8E7D69DB /* UIImage+CropScaleOrientation.m */ = {isa = PBXFileReference; explicitFileType = undefined; fileEncoding = 4; includeInIndex = 0; lastKnownFileType = sourcecode.c.objc; name = "UIImage+CropScaleOrientation.m"; path = "cordova-plugin-camera/UIImage+CropScaleOrientation.m"; sourceTree = "<group>"; };
		0207DA571B56EA530066E2B4 /* Images.xcassets */ = {isa = PBXFileReference; lastKnownFileType = folder.assetcatalog; name = Images.xcassets; path = HelloToptal/Images.xcassets; sourceTree = SOURCE_ROOT; };
		02126747407947DDBC7DE92C /* MGLStyle.h */ = {isa = PBXFileReference; explicitFileType = undefined; fileEncoding = 4; includeInIndex = 0; lastKnownFileType = sourcecode.c.h; name = MGLStyle.h; path = "cordova-plugin-mapbox/MGLStyle.h"; sourceTree = "<group>"; };
		0318843A1FD64FA8B664CE46 /* PluginUtil.m */ = {isa = PBXFileReference; explicitFileType = undefined; fileEncoding = 4; includeInIndex = 0; lastKnownFileType = sourcecode.c.objc; name = PluginUtil.m; path = "cordova-plugin-googlemaps/PluginUtil.m"; sourceTree = "<group>"; };
		042A98433682443D9CA85BA2 /* MGLAccountManager.h */ = {isa = PBXFileReference; explicitFileType = undefined; fileEncoding = 4; includeInIndex = 0; lastKnownFileType = sourcecode.c.h; name = MGLAccountManager.h; path = "cordova-plugin-mapbox/MGLAccountManager.h"; sourceTree = "<group>"; };
		064CE436CD4D420496924B90 /* GoogleMapsViewController.m */ = {isa = PBXFileReference; explicitFileType = undefined; fileEncoding = 4; includeInIndex = 0; lastKnownFileType = sourcecode.c.objc; name = GoogleMapsViewController.m; path = "cordova-plugin-googlemaps/GoogleMapsViewController.m"; sourceTree = "<group>"; };
		07EE3AFBAF0A4951A030158F /* GLKit.framework */ = {isa = PBXFileReference; explicitFileType = undefined; fileEncoding = 9; includeInIndex = 0; lastKnownFileType = wrapper.framework; name = GLKit.framework; path = System/Library/Frameworks/GLKit.framework; sourceTree = SDKROOT; };
		0CDD685E5E164A6AA5705DF3 /* SystemConfiguration.framework */ = {isa = PBXFileReference; explicitFileType = undefined; fileEncoding = 9; includeInIndex = 0; lastKnownFileType = wrapper.framework; name = SystemConfiguration.framework; path = System/Library/Frameworks/SystemConfiguration.framework; sourceTree = SDKROOT; };
		0DF7E7FA7ED04055922C7BCC /* TBXML.h */ = {isa = PBXFileReference; explicitFileType = undefined; fileEncoding = 4; includeInIndex = 0; lastKnownFileType = sourcecode.c.h; name = TBXML.h; path = "cordova-plugin-googlemaps/TBXML.h"; sourceTree = "<group>"; };
		0E65E9191745489B8EEF9829 /* GoogleMaps.m */ = {isa = PBXFileReference; explicitFileType = undefined; fileEncoding = 4; includeInIndex = 0; lastKnownFileType = sourcecode.c.objc; name = GoogleMaps.m; path = "cordova-plugin-googlemaps/GoogleMaps.m"; sourceTree = "<group>"; };
		100C487F9CED412CABF65D90 /* Marker.h */ = {isa = PBXFileReference; explicitFileType = undefined; fileEncoding = 4; includeInIndex = 0; lastKnownFileType = sourcecode.c.h; name = Marker.h; path = "cordova-plugin-googlemaps/Marker.h"; sourceTree = "<group>"; };
		10A78C87C4604F36BB65D015 /* libz.tbd */ = {isa = PBXFileReference; explicitFileType = undefined; fileEncoding = 9; includeInIndex = 0; lastKnownFileType = "sourcecode.text-based-dylib-definition"; name = libz.tbd; path = usr/lib/libz.tbd; sourceTree = SDKROOT; };
		12D91F54F6B94F7FA8B1035B /* MGLTypes.h */ = {isa = PBXFileReference; explicitFileType = undefined; fileEncoding = 4; includeInIndex = 0; lastKnownFileType = sourcecode.c.h; name = MGLTypes.h; path = "cordova-plugin-mapbox/MGLTypes.h"; sourceTree = "<group>"; };
		14674697B99441A6BCF7541C /* MGLPointAnnotation.h */ = {isa = PBXFileReference; explicitFileType = undefined; fileEncoding = 4; includeInIndex = 0; lastKnownFileType = sourcecode.c.h; name = MGLPointAnnotation.h; path = "cordova-plugin-mapbox/MGLPointAnnotation.h"; sourceTree = "<group>"; };
		173A004DB7F94945B7E2B8AE /* MGLUserLocation.h */ = {isa = PBXFileReference; explicitFileType = undefined; fileEncoding = 4; includeInIndex = 0; lastKnownFileType = sourcecode.c.h; name = MGLUserLocation.h; path = "cordova-plugin-mapbox/MGLUserLocation.h"; sourceTree = "<group>"; };
		19E2B3EFA33E42BF9A00FADC /* CoreMotion.framework */ = {isa = PBXFileReference; explicitFileType = undefined; fileEncoding = 9; includeInIndex = 0; lastKnownFileType = wrapper.framework; name = CoreMotion.framework; path = System/Library/Frameworks/CoreMotion.framework; sourceTree = SDKROOT; };
		1A272659C90C4F4EBE7B630C /* QuartzCore.framework */ = {isa = PBXFileReference; explicitFileType = undefined; fileEncoding = 9; includeInIndex = 0; lastKnownFileType = wrapper.framework; name = QuartzCore.framework; path = System/Library/Frameworks/QuartzCore.framework; sourceTree = SDKROOT; };
		1A7B886578C94781BF71077B /* UIImage+CropScaleOrientation.h */ = {isa = PBXFileReference; explicitFileType = undefined; fileEncoding = 4; includeInIndex = 0; lastKnownFileType = sourcecode.c.h; name = "UIImage+CropScaleOrientation.h"; path = "cordova-plugin-camera/UIImage+CropScaleOrientation.h"; sourceTree = "<group>"; };
		1AC454DA81314DF5944357E7 /* MGLMapCamera.h */ = {isa = PBXFileReference; explicitFileType = undefined; fileEncoding = 4; includeInIndex = 0; lastKnownFileType = sourcecode.c.h; name = MGLMapCamera.h; path = "cordova-plugin-mapbox/MGLMapCamera.h"; sourceTree = "<group>"; };
		1D3623240D0F684500981E51 /* AppDelegate.h */ = {isa = PBXFileReference; fileEncoding = 4; lastKnownFileType = sourcecode.c.h; path = AppDelegate.h; sourceTree = "<group>"; };
		1D3623250D0F684500981E51 /* AppDelegate.m */ = {isa = PBXFileReference; fileEncoding = 4; lastKnownFileType = sourcecode.c.objc; path = AppDelegate.m; sourceTree = "<group>"; };
		1D6058910D05DD3D006BFB54 /* HelloToptal.app */ = {isa = PBXFileReference; explicitFileType = wrapper.application; includeInIndex = 0; path = HelloToptal.app; sourceTree = BUILT_PRODUCTS_DIR; };
		1EBC3AC8BE9747EA9393997A /* Settings.bundle */ = {isa = PBXFileReference; explicitFileType = undefined; fileEncoding = 9; includeInIndex = 0; lastKnownFileType = "wrapper.plug-in"; path = Settings.bundle; sourceTree = "<group>"; };
		20AA59697A474512AF3C660E /* AddressBookUI.framework */ = {isa = PBXFileReference; explicitFileType = undefined; fileEncoding = 9; includeInIndex = 0; lastKnownFileType = wrapper.framework; name = AddressBookUI.framework; path = System/Library/Frameworks/AddressBookUI.framework; sourceTree = SDKROOT; };
		21A53FFF1309485E9541BB24 /* TileOverlay.h */ = {isa = PBXFileReference; explicitFileType = undefined; fileEncoding = 4; includeInIndex = 0; lastKnownFileType = sourcecode.c.h; name = TileOverlay.h; path = "cordova-plugin-googlemaps/TileOverlay.h"; sourceTree = "<group>"; };
		22A165D55D0043799B86EEEA /* CDVAccelerometer.h */ = {isa = PBXFileReference; explicitFileType = undefined; fileEncoding = 4; includeInIndex = 0; lastKnownFileType = sourcecode.c.h; name = CDVAccelerometer.h; path = "cordova-plugin-device-motion/CDVAccelerometer.h"; sourceTree = "<group>"; };
		25424B89A37642E08BB96B25 /* Accelerate.framework */ = {isa = PBXFileReference; explicitFileType = undefined; fileEncoding = 9; includeInIndex = 0; lastKnownFileType = wrapper.framework; name = Accelerate.framework; path = System/Library/Frameworks/Accelerate.framework; sourceTree = SDKROOT; };
		2733CA6AD6B046E4B4992DC7 /* MGLAnnotation.h */ = {isa = PBXFileReference; explicitFileType = undefined; fileEncoding = 4; includeInIndex = 0; lastKnownFileType = sourcecode.c.h; name = MGLAnnotation.h; path = "cordova-plugin-mapbox/MGLAnnotation.h"; sourceTree = "<group>"; };
		29B97316FDCFA39411CA2CEA /* main.m */ = {isa = PBXFileReference; fileEncoding = 4; lastKnownFileType = sourcecode.c.objc; path = main.m; sourceTree = "<group>"; };
		2C58CF9DCC1D4D0CA531BB3B /* GroundOverlay.m */ = {isa = PBXFileReference; explicitFileType = undefined; fileEncoding = 4; includeInIndex = 0; lastKnownFileType = sourcecode.c.objc; name = GroundOverlay.m; path = "cordova-plugin-googlemaps/GroundOverlay.m"; sourceTree = "<group>"; };
		2F75320F59E6443092DC033D /* Geocoder.h */ = {isa = PBXFileReference; explicitFileType = undefined; fileEncoding = 4; includeInIndex = 0; lastKnownFileType = sourcecode.c.h; name = Geocoder.h; path = "cordova-plugin-googlemaps/Geocoder.h"; sourceTree = "<group>"; };
		2FC320A8ED59413ABF21C212 /* CDVViewController+SplashScreen.h */ = {isa = PBXFileReference; explicitFileType = undefined; fileEncoding = 4; includeInIndex = 0; lastKnownFileType = sourcecode.c.h; name = "CDVViewController+SplashScreen.h"; path = "cordova-plugin-splashscreen/CDVViewController+SplashScreen.h"; sourceTree = "<group>"; };
		301BF52D109A57CC0062928A /* CordovaLib.xcodeproj */ = {isa = PBXFileReference; lastKnownFileType = "wrapper.pb-project"; name = CordovaLib.xcodeproj; path = CordovaLib/CordovaLib.xcodeproj; sourceTree = "<group>"; };
		301BF56E109A69640062928A /* www */ = {isa = PBXFileReference; lastKnownFileType = folder; path = www; sourceTree = SOURCE_ROOT; };
		302D95EE14D2391D003F00A1 /* MainViewController.h */ = {isa = PBXFileReference; fileEncoding = 4; lastKnownFileType = sourcecode.c.h; path = MainViewController.h; sourceTree = "<group>"; };
		302D95EF14D2391D003F00A1 /* MainViewController.m */ = {isa = PBXFileReference; fileEncoding = 4; lastKnownFileType = sourcecode.c.objc; path = MainViewController.m; sourceTree = "<group>"; };
		302D95F014D2391D003F00A1 /* MainViewController.xib */ = {isa = PBXFileReference; fileEncoding = 4; lastKnownFileType = file.xib; path = MainViewController.xib; sourceTree = "<group>"; };
		3047A50F1AB8059700498E2A /* build-debug.xcconfig */ = {isa = PBXFileReference; fileEncoding = 4; lastKnownFileType = text.xcconfig; name = "build-debug.xcconfig"; path = "cordova/build-debug.xcconfig"; sourceTree = SOURCE_ROOT; };
		3047A5101AB8059700498E2A /* build-release.xcconfig */ = {isa = PBXFileReference; fileEncoding = 4; lastKnownFileType = text.xcconfig; name = "build-release.xcconfig"; path = "cordova/build-release.xcconfig"; sourceTree = SOURCE_ROOT; };
		3047A5111AB8059700498E2A /* build.xcconfig */ = {isa = PBXFileReference; fileEncoding = 4; lastKnownFileType = text.xcconfig; name = build.xcconfig; path = cordova/build.xcconfig; sourceTree = SOURCE_ROOT; };
		32B887E34C0F40B5A7C54FC6 /* CDVMapbox.h */ = {isa = PBXFileReference; explicitFileType = undefined; fileEncoding = 4; includeInIndex = 0; lastKnownFileType = sourcecode.c.h; name = CDVMapbox.h; path = "cordova-plugin-mapbox/CDVMapbox.h"; sourceTree = "<group>"; };
		32CA4F630368D1EE00C91783 /* HelloToptal-Prefix.pch */ = {isa = PBXFileReference; fileEncoding = 4; lastKnownFileType = sourcecode.c.h; path = "HelloToptal-Prefix.pch"; sourceTree = "<group>"; };
		3957E9003C9C4304AECD5867 /* CDVCamera.m */ = {isa = PBXFileReference; explicitFileType = undefined; fileEncoding = 4; includeInIndex = 0; lastKnownFileType = sourcecode.c.objc; name = CDVCamera.m; path = "cordova-plugin-camera/CDVCamera.m"; sourceTree = "<group>"; };
		39A15685EFEC42AC908273D4 /* GoogleMapsViewController.h */ = {isa = PBXFileReference; explicitFileType = undefined; fileEncoding = 4; includeInIndex = 0; lastKnownFileType = sourcecode.c.h; name = GoogleMapsViewController.h; path = "cordova-plugin-googlemaps/GoogleMapsViewController.h"; sourceTree = "<group>"; };
		3BFA092B72AC4897B7C74E85 /* MyPluginLayerDebugView.m */ = {isa = PBXFileReference; explicitFileType = undefined; fileEncoding = 4; includeInIndex = 0; lastKnownFileType = sourcecode.c.objc; name = MyPluginLayerDebugView.m; path = "cordova-plugin-googlemaps/MyPluginLayerDebugView.m"; sourceTree = "<group>"; };
		3EFFBBBBE5C345248CE8F4B8 /* ImageIO.framework */ = {isa = PBXFileReference; explicitFileType = undefined; fileEncoding = 9; includeInIndex = 0; lastKnownFileType = wrapper.framework; name = ImageIO.framework; path = System/Library/Frameworks/ImageIO.framework; sourceTree = SDKROOT; };
		406CA7B007064AB48738B99A /* CDVLogger.m */ = {isa = PBXFileReference; explicitFileType = undefined; fileEncoding = 4; includeInIndex = 0; lastKnownFileType = sourcecode.c.objc; name = CDVLogger.m; path = "cordova-plugin-console/CDVLogger.m"; sourceTree = "<group>"; };
		40708D4CC1BD403289E412A3 /* MGLPolyline.h */ = {isa = PBXFileReference; explicitFileType = undefined; fileEncoding = 4; includeInIndex = 0; lastKnownFileType = sourcecode.c.h; name = MGLPolyline.h; path = "cordova-plugin-mapbox/MGLPolyline.h"; sourceTree = "<group>"; };
		458C9556A035437B88204A78 /* MGLPolygon.h */ = {isa = PBXFileReference; explicitFileType = undefined; fileEncoding = 4; includeInIndex = 0; lastKnownFileType = sourcecode.c.h; name = MGLPolygon.h; path = "cordova-plugin-mapbox/MGLPolygon.h"; sourceTree = "<group>"; };
		48454FC43E2640FC94DD04BE /* CDVContacts.h */ = {isa = PBXFileReference; explicitFileType = undefined; fileEncoding = 4; includeInIndex = 0; lastKnownFileType = sourcecode.c.h; name = CDVContacts.h; path = "cordova-plugin-contacts/CDVContacts.h"; sourceTree = "<group>"; };
		4A457DE29EAC49FD8CB38BA7 /* UIKit.framework */ = {isa = PBXFileReference; explicitFileType = undefined; fileEncoding = 9; includeInIndex = 0; lastKnownFileType = wrapper.framework; name = UIKit.framework; path = System/Library/Frameworks/UIKit.framework; sourceTree = SDKROOT; };
		4A4D292AAC594A4C98047068 /* AVFoundation.framework */ = {isa = PBXFileReference; explicitFileType = undefined; fileEncoding = 9; includeInIndex = 0; lastKnownFileType = wrapper.framework; name = AVFoundation.framework; path = System/Library/Frameworks/AVFoundation.framework; sourceTree = SDKROOT; };
		4B76542994B543D08D5119F7 /* MGLMultiPoint.h */ = {isa = PBXFileReference; explicitFileType = undefined; fileEncoding = 4; includeInIndex = 0; lastKnownFileType = sourcecode.c.h; name = MGLMultiPoint.h; path = "cordova-plugin-mapbox/MGLMultiPoint.h"; sourceTree = "<group>"; };
		4BA0C430F566478ABC5CE90E /* MGLOverlay.h */ = {isa = PBXFileReference; explicitFileType = undefined; fileEncoding = 4; includeInIndex = 0; lastKnownFileType = sourcecode.c.h; name = MGLOverlay.h; path = "cordova-plugin-mapbox/MGLOverlay.h"; sourceTree = "<group>"; };
		4C1215BC0DD04812818473C9 /* AddressBook.framework */ = {isa = PBXFileReference; explicitFileType = undefined; fileEncoding = 9; includeInIndex = 0; lastKnownFileType = wrapper.framework; name = AddressBook.framework; path = System/Library/Frameworks/AddressBook.framework; sourceTree = SDKROOT; };
		4D8E12B25C944FA398225C11 /* libMapbox.a */ = {isa = PBXFileReference; explicitFileType = undefined; fileEncoding = 9; includeInIndex = 0; lastKnownFileType = archive.ar; name = libMapbox.a; path = "HelloToptal/Plugins/cordova-plugin-mapbox/libMapbox.a"; sourceTree = "<group>"; };
		58B9BDBFE9E24170AE6DF1B9 /* External.m */ = {isa = PBXFileReference; explicitFileType = undefined; fileEncoding = 4; includeInIndex = 0; lastKnownFileType = sourcecode.c.objc; name = External.m; path = "cordova-plugin-googlemaps/External.m"; sourceTree = "<group>"; };
		591A882B86C14D988F27A050 /* CDVContact.h */ = {isa = PBXFileReference; explicitFileType = undefined; fileEncoding = 4; includeInIndex = 0; lastKnownFileType = sourcecode.c.h; name = CDVContact.h; path = "cordova-plugin-contacts/CDVContact.h"; sourceTree = "<group>"; };
		597FFD1260BD4D56A8071E8D /* libc++.dylib */ = {isa = PBXFileReference; explicitFileType = undefined; fileEncoding = 9; includeInIndex = 0; lastKnownFileType = "compiled.mach-o.dylib"; name = "libc++.dylib"; path = "usr/lib/libc++.dylib"; sourceTree = SDKROOT; };
		5AF16F9CAC894A0E9943D112 /* OpenGLES.framework */ = {isa = PBXFileReference; explicitFileType = undefined; fileEncoding = 9; includeInIndex = 0; lastKnownFileType = wrapper.framework; name = OpenGLES.framework; path = System/Library/Frameworks/OpenGLES.framework; sourceTree = SDKROOT; };
		5BE09A56E4D34ADCA3584C6E /* PluginUtil.h */ = {isa = PBXFileReference; explicitFileType = undefined; fileEncoding = 4; includeInIndex = 0; lastKnownFileType = sourcecode.c.h; name = PluginUtil.h; path = "cordova-plugin-googlemaps/PluginUtil.h"; sourceTree = "<group>"; };
		5C43DE8DD9374329880CEFEF /* MyPluginLayer.m */ = {isa = PBXFileReference; explicitFileType = undefined; fileEncoding = 4; includeInIndex = 0; lastKnownFileType = sourcecode.c.objc; name = MyPluginLayer.m; path = "cordova-plugin-googlemaps/MyPluginLayer.m"; sourceTree = "<group>"; };
		5EBE5774857F4CDAA4A50E7E /* CDVNotification.bundle */ = {isa = PBXFileReference; explicitFileType = undefined; fileEncoding = 9; includeInIndex = 0; lastKnownFileType = "wrapper.plug-in"; path = CDVNotification.bundle; sourceTree = "<group>"; };
		5F97ECF2484242A59D92E9CB /* CDVMapbox.m */ = {isa = PBXFileReference; explicitFileType = undefined; fileEncoding = 4; includeInIndex = 0; lastKnownFileType = sourcecode.c.objc; name = CDVMapbox.m; path = "cordova-plugin-mapbox/CDVMapbox.m"; sourceTree = "<group>"; };
		64077CDE948140A8B258BBA2 /* CDVNotification.m */ = {isa = PBXFileReference; explicitFileType = undefined; fileEncoding = 4; includeInIndex = 0; lastKnownFileType = sourcecode.c.objc; name = CDVNotification.m; path = "cordova-plugin-dialogs/CDVNotification.m"; sourceTree = "<group>"; };
		6828F5D3D7C44B6688916E70 /* CDVLocation.h */ = {isa = PBXFileReference; explicitFileType = undefined; fileEncoding = 4; includeInIndex = 0; lastKnownFileType = sourcecode.c.h; name = CDVLocation.h; path = "cordova-plugin-geolocation/CDVLocation.h"; sourceTree = "<group>"; };
		6AFF5BF81D6E424B00AB3073 /* CDVLaunchScreen.storyboard */ = {isa = PBXFileReference; fileEncoding = 4; lastKnownFileType = file.storyboard; name = CDVLaunchScreen.storyboard; path = HelloToptal/CDVLaunchScreen.storyboard; sourceTree = SOURCE_ROOT; };
		6CDB3306959A442581BFEB9C /* MGLGeometry.h */ = {isa = PBXFileReference; explicitFileType = undefined; fileEncoding = 4; includeInIndex = 0; lastKnownFileType = sourcecode.c.h; name = MGLGeometry.h; path = "cordova-plugin-mapbox/MGLGeometry.h"; sourceTree = "<group>"; };
		6E2EC7675F4E491A9CBEB9F1 /* libz.dylib */ = {isa = PBXFileReference; explicitFileType = undefined; fileEncoding = 9; includeInIndex = 0; lastKnownFileType = "compiled.mach-o.dylib"; name = libz.dylib; path = usr/lib/libz.dylib; sourceTree = SDKROOT; };
		6E3BA65124CF48DC9DD002BC /* MyPluginScrollView.h */ = {isa = PBXFileReference; explicitFileType = undefined; fileEncoding = 4; includeInIndex = 0; lastKnownFileType = sourcecode.c.h; name = MyPluginScrollView.h; path = "cordova-plugin-googlemaps/MyPluginScrollView.h"; sourceTree = "<group>"; };
		6E3DE23A5D264BDFBABAE02F /* Polygon.m */ = {isa = PBXFileReference; explicitFileType = undefined; fileEncoding = 4; includeInIndex = 0; lastKnownFileType = sourcecode.c.objc; name = Polygon.m; path = "cordova-plugin-googlemaps/Polygon.m"; sourceTree = "<group>"; };
		704A524F500C48FFAC97AB0F /* CDVExif.h */ = {isa = PBXFileReference; explicitFileType = undefined; fileEncoding = 4; includeInIndex = 0; lastKnownFileType = sourcecode.c.h; name = CDVExif.h; path = "cordova-plugin-camera/CDVExif.h"; sourceTree = "<group>"; };
		7616D72E2B58410F9E9BEFB7 /* External.h */ = {isa = PBXFileReference; explicitFileType = undefined; fileEncoding = 4; includeInIndex = 0; lastKnownFileType = sourcecode.c.h; name = External.h; path = "cordova-plugin-googlemaps/External.h"; sourceTree = "<group>"; };
		76F72B9560064952BB6C78B9 /* Mapbox.bundle */ = {isa = PBXFileReference; explicitFileType = undefined; fileEncoding = 9; includeInIndex = 0; lastKnownFileType = "wrapper.plug-in"; path = Mapbox.bundle; sourceTree = "<group>"; };
		796E95A6CEA441D1AF0B5770 /* CoreText.framework */ = {isa = PBXFileReference; explicitFileType = undefined; fileEncoding = 9; includeInIndex = 0; lastKnownFileType = wrapper.framework; name = CoreText.framework; path = System/Library/Frameworks/CoreText.framework; sourceTree = SDKROOT; };
		7A1ED63DCB25497AB39BAD0B /* CDVJpegHeaderWriter.h */ = {isa = PBXFileReference; explicitFileType = undefined; fileEncoding = 4; includeInIndex = 0; lastKnownFileType = sourcecode.c.h; name = CDVJpegHeaderWriter.h; path = "cordova-plugin-camera/CDVJpegHeaderWriter.h"; sourceTree = "<group>"; };
		7A53B9DA1CF54D2580BCCCEF /* CDVLogger.h */ = {isa = PBXFileReference; explicitFileType = undefined; fileEncoding = 4; includeInIndex = 0; lastKnownFileType = sourcecode.c.h; name = CDVLogger.h; path = "cordova-plugin-console/CDVLogger.h"; sourceTree = "<group>"; };
		7ADC4A9092BD40F98E463552 /* CDVSplashScreen.m */ = {isa = PBXFileReference; explicitFileType = undefined; fileEncoding = 4; includeInIndex = 0; lastKnownFileType = sourcecode.c.objc; name = CDVSplashScreen.m; path = "cordova-plugin-splashscreen/CDVSplashScreen.m"; sourceTree = "<group>"; };
		7D72061A8313429187795917 /* MyReachability.m */ = {isa = PBXFileReference; explicitFileType = undefined; fileEncoding = 4; includeInIndex = 0; lastKnownFileType = sourcecode.c.objc; name = MyReachability.m; path = "cordova-plugin-googlemaps/MyReachability.m"; sourceTree = "<group>"; };
		8035E80E4D374285A43E76CB /* CDVJpegHeaderWriter.m */ = {isa = PBXFileReference; explicitFileType = undefined; fileEncoding = 4; includeInIndex = 0; lastKnownFileType = sourcecode.c.objc; name = CDVJpegHeaderWriter.m; path = "cordova-plugin-camera/CDVJpegHeaderWriter.m"; sourceTree = "<group>"; };
		8132E7A0625049619E83EB1F /* GoogleMaps.bundle */ = {isa = PBXFileReference; explicitFileType = undefined; fileEncoding = 9; includeInIndex = 0; lastKnownFileType = "wrapper.plug-in"; path = GoogleMaps.bundle; sourceTree = "<group>"; };
		813FB311210043FEA13C5B5A /* Geocoder.m */ = {isa = PBXFileReference; explicitFileType = undefined; fileEncoding = 4; includeInIndex = 0; lastKnownFileType = sourcecode.c.objc; name = Geocoder.m; path = "cordova-plugin-googlemaps/Geocoder.m"; sourceTree = "<group>"; };
		8170303A99F1486B9C150E56 /* GroundOverlay.h */ = {isa = PBXFileReference; explicitFileType = undefined; fileEncoding = 4; includeInIndex = 0; lastKnownFileType = sourcecode.c.h; name = GroundOverlay.h; path = "cordova-plugin-googlemaps/GroundOverlay.h"; sourceTree = "<group>"; };
		829186688D3D4E94BD7EF924 /* KmlOverlay.m */ = {isa = PBXFileReference; explicitFileType = undefined; fileEncoding = 4; includeInIndex = 0; lastKnownFileType = sourcecode.c.objc; name = KmlOverlay.m; path = "cordova-plugin-googlemaps/KmlOverlay.m"; sourceTree = "<group>"; };
		853C3F6F04A440F9B2B8496A /* CDVCamera.h */ = {isa = PBXFileReference; explicitFileType = undefined; fileEncoding = 4; includeInIndex = 0; lastKnownFileType = sourcecode.c.h; name = CDVCamera.h; path = "cordova-plugin-camera/CDVCamera.h"; sourceTree = "<group>"; };
		86F50D311DF14B4899099C93 /* CoreData.framework */ = {isa = PBXFileReference; explicitFileType = undefined; fileEncoding = 9; includeInIndex = 0; lastKnownFileType = wrapper.framework; name = CoreData.framework; path = System/Library/Frameworks/CoreData.framework; sourceTree = SDKROOT; };
		8D1107310486CEB800E47090 /* HelloToptal-Info.plist */ = {isa = PBXFileReference; fileEncoding = 4; lastKnownFileType = text.plist.xml; name = "HelloToptal-Info.plist"; path = "HelloToptal/HelloToptal-Info.plist"; plistStructureDefinitionIdentifier = "com.apple.xcode.plist.structure-definition.iphone.info-plist"; sourceTree = SOURCE_ROOT; };
		97703815040B40608E185492 /* MGLAnnotationImage.h */ = {isa = PBXFileReference; explicitFileType = undefined; fileEncoding = 4; includeInIndex = 0; lastKnownFileType = sourcecode.c.h; name = MGLAnnotationImage.h; path = "cordova-plugin-mapbox/MGLAnnotationImage.h"; sourceTree = "<group>"; };
		9A99F84D972640DFA93C9E59 /* MGLMapView.h */ = {isa = PBXFileReference; explicitFileType = undefined; fileEncoding = 4; includeInIndex = 0; lastKnownFileType = sourcecode.c.h; name = MGLMapView.h; path = "cordova-plugin-mapbox/MGLMapView.h"; sourceTree = "<group>"; };
		9E6B883E0E674FF1BC2A7356 /* GoogleMaps.h */ = {isa = PBXFileReference; explicitFileType = undefined; fileEncoding = 4; includeInIndex = 0; lastKnownFileType = sourcecode.c.h; name = GoogleMaps.h; path = "cordova-plugin-googlemaps/GoogleMaps.h"; sourceTree = "<group>"; };
		9F2DD06F05FC423DAD985328 /* Polygon.h */ = {isa = PBXFileReference; explicitFileType = undefined; fileEncoding = 4; includeInIndex = 0; lastKnownFileType = sourcecode.c.h; name = Polygon.h; path = "cordova-plugin-googlemaps/Polygon.h"; sourceTree = "<group>"; };
		A3997BF9D94149C1B9AA834D /* GoogleMaps.framework */ = {isa = PBXFileReference; explicitFileType = undefined; fileEncoding = 9; includeInIndex = 0; lastKnownFileType = wrapper.framework; name = GoogleMaps.framework; path = HelloToptal/Plugins/com.googlemaps.ios/GoogleMaps.framework; sourceTree = "<group>"; };
		A533F9D8A5954CC39B24F92B /* NSData+Base64.h */ = {isa = PBXFileReference; explicitFileType = undefined; fileEncoding = 4; includeInIndex = 0; lastKnownFileType = sourcecode.c.h; name = "NSData+Base64.h"; path = "cordova-plugin-googlemaps/NSData+Base64.h"; sourceTree = "<group>"; };
		A5F2A97125CD415888B167B7 /* MyPluginLayerDebugView.h */ = {isa = PBXFileReference; explicitFileType = undefined; fileEncoding = 4; includeInIndex = 0; lastKnownFileType = sourcecode.c.h; name = MyPluginLayerDebugView.h; path = "cordova-plugin-googlemaps/MyPluginLayerDebugView.h"; sourceTree = "<group>"; };
		ADA3D3B55D544EBE9D51B7C1 /* SQLitePlugin.h */ = {isa = PBXFileReference; explicitFileType = undefined; fileEncoding = 4; includeInIndex = 0; lastKnownFileType = sourcecode.c.h; name = SQLitePlugin.h; path = "cordova-plugin-sqlite-2/SQLitePlugin.h"; sourceTree = "<group>"; };
		AE8E01586EFD47EA935FE06A /* KmlOverlay.h */ = {isa = PBXFileReference; explicitFileType = undefined; fileEncoding = 4; includeInIndex = 0; lastKnownFileType = sourcecode.c.h; name = KmlOverlay.h; path = "cordova-plugin-googlemaps/KmlOverlay.h"; sourceTree = "<group>"; };
		AF539A0638D24E179BBCCDF9 /* Marker.m */ = {isa = PBXFileReference; explicitFileType = undefined; fileEncoding = 4; includeInIndex = 0; lastKnownFileType = sourcecode.c.objc; name = Marker.m; path = "cordova-plugin-googlemaps/Marker.m"; sourceTree = "<group>"; };
		AFE565B8297849D9B2BEAD58 /* NSData+Base64.m */ = {isa = PBXFileReference; explicitFileType = undefined; fileEncoding = 4; includeInIndex = 0; lastKnownFileType = sourcecode.c.objc; name = "NSData+Base64.m"; path = "cordova-plugin-googlemaps/NSData+Base64.m"; sourceTree = "<group>"; };
		B058ED8287854AB4A2DCA7A7 /* CDVNotification.h */ = {isa = PBXFileReference; explicitFileType = undefined; fileEncoding = 4; includeInIndex = 0; lastKnownFileType = sourcecode.c.h; name = CDVNotification.h; path = "cordova-plugin-dialogs/CDVNotification.h"; sourceTree = "<group>"; };
		B34B6DE590CA4EEC985851DF /* CDVContact.m */ = {isa = PBXFileReference; explicitFileType = undefined; fileEncoding = 4; includeInIndex = 0; lastKnownFileType = sourcecode.c.objc; name = CDVContact.m; path = "cordova-plugin-contacts/CDVContact.m"; sourceTree = "<group>"; };
		B92D38C80BCA41F08643DAA4 /* Map.m */ = {isa = PBXFileReference; explicitFileType = undefined; fileEncoding = 4; includeInIndex = 0; lastKnownFileType = sourcecode.c.objc; name = Map.m; path = "cordova-plugin-googlemaps/Map.m"; sourceTree = "<group>"; };
		BA3BD5545B164F8E854FAAB0 /* AudioToolbox.framework */ = {isa = PBXFileReference; explicitFileType = undefined; fileEncoding = 9; includeInIndex = 0; lastKnownFileType = wrapper.framework; name = AudioToolbox.framework; path = System/Library/Frameworks/AudioToolbox.framework; sourceTree = SDKROOT; };
		BB0535899D6E41B9AE6D83B7 /* CDVLocation.m */ = {isa = PBXFileReference; explicitFileType = undefined; fileEncoding = 4; includeInIndex = 0; lastKnownFileType = sourcecode.c.objc; name = CDVLocation.m; path = "cordova-plugin-geolocation/CDVLocation.m"; sourceTree = "<group>"; };
		BE6C96A34279400BA048B233 /* Polyline.m */ = {isa = PBXFileReference; explicitFileType = undefined; fileEncoding = 4; includeInIndex = 0; lastKnownFileType = sourcecode.c.objc; name = Polyline.m; path = "cordova-plugin-googlemaps/Polyline.m"; sourceTree = "<group>"; };
		C30C67B8B9E34489975202F2 /* Circle.h */ = {isa = PBXFileReference; explicitFileType = undefined; fileEncoding = 4; includeInIndex = 0; lastKnownFileType = sourcecode.c.h; name = Circle.h; path = "cordova-plugin-googlemaps/Circle.h"; sourceTree = "<group>"; };
		C30D4CBA3FAC4925A714E5BE /* TileOverlay.m */ = {isa = PBXFileReference; explicitFileType = undefined; fileEncoding = 4; includeInIndex = 0; lastKnownFileType = sourcecode.c.objc; name = TileOverlay.m; path = "cordova-plugin-googlemaps/TileOverlay.m"; sourceTree = "<group>"; };
		C4F2C402C0D240B8AB759982 /* MyReachability.h */ = {isa = PBXFileReference; explicitFileType = undefined; fileEncoding = 4; includeInIndex = 0; lastKnownFileType = sourcecode.c.h; name = MyReachability.h; path = "cordova-plugin-googlemaps/MyReachability.h"; sourceTree = "<group>"; };
		C62609BA5BB546ECAE3E359E /* TBXML.m */ = {isa = PBXFileReference; explicitFileType = undefined; fileEncoding = 4; includeInIndex = 0; lastKnownFileType = sourcecode.c.objc; name = TBXML.m; path = "cordova-plugin-googlemaps/TBXML.m"; sourceTree = "<group>"; };
		CA7DA2BE54794EF48F9C0CED /* MGLShape.h */ = {isa = PBXFileReference; explicitFileType = undefined; fileEncoding = 4; includeInIndex = 0; lastKnownFileType = sourcecode.c.h; name = MGLShape.h; path = "cordova-plugin-mapbox/MGLShape.h"; sourceTree = "<group>"; };
		D067CBC929CF40E2A2FC4EAB /* Circle.m */ = {isa = PBXFileReference; explicitFileType = undefined; fileEncoding = 4; includeInIndex = 0; lastKnownFileType = sourcecode.c.objc; name = Circle.m; path = "cordova-plugin-googlemaps/Circle.m"; sourceTree = "<group>"; };
		D09B9F88B8DA4CE0BF404A6C /* Mapbox.h */ = {isa = PBXFileReference; explicitFileType = undefined; fileEncoding = 4; includeInIndex = 0; lastKnownFileType = sourcecode.c.h; name = Mapbox.h; path = "cordova-plugin-mapbox/Mapbox.h"; sourceTree = "<group>"; };
		D33FD6574CC9414B846A0780 /* GoogleMapsCore.framework */ = {isa = PBXFileReference; explicitFileType = undefined; fileEncoding = 9; includeInIndex = 0; lastKnownFileType = wrapper.framework; name = GoogleMapsCore.framework; path = HelloToptal/Plugins/com.googlemaps.ios/GoogleMapsCore.framework; sourceTree = "<group>"; };
		D6D8A7EFEE99418D88A1190F /* Polyline.h */ = {isa = PBXFileReference; explicitFileType = undefined; fileEncoding = 4; includeInIndex = 0; lastKnownFileType = sourcecode.c.h; name = Polyline.h; path = "cordova-plugin-googlemaps/Polyline.h"; sourceTree = "<group>"; };
		D9257A6E684C459F9056923D /* CDVSplashScreen.h */ = {isa = PBXFileReference; explicitFileType = undefined; fileEncoding = 4; includeInIndex = 0; lastKnownFileType = sourcecode.c.h; name = CDVSplashScreen.h; path = "cordova-plugin-splashscreen/CDVSplashScreen.h"; sourceTree = "<group>"; };
		DB5AB13D6C264179B6713FEB /* libsqlite3.dylib */ = {isa = PBXFileReference; explicitFileType = undefined; fileEncoding = 9; includeInIndex = 0; lastKnownFileType = "compiled.mach-o.dylib"; name = libsqlite3.dylib; path = usr/lib/libsqlite3.dylib; sourceTree = SDKROOT; };
		DFF9BE41EE0A4C43A2D6EA89 /* MyPluginScrollView.m */ = {isa = PBXFileReference; explicitFileType = undefined; fileEncoding = 4; includeInIndex = 0; lastKnownFileType = sourcecode.c.objc; name = MyPluginScrollView.m; path = "cordova-plugin-googlemaps/MyPluginScrollView.m"; sourceTree = "<group>"; };
		E35E89AD6ECA4D19BB4DBF8E /* Map.h */ = {isa = PBXFileReference; explicitFileType = undefined; fileEncoding = 4; includeInIndex = 0; lastKnownFileType = sourcecode.c.h; name = Map.h; path = "cordova-plugin-googlemaps/Map.h"; sourceTree = "<group>"; };
		EB0A33B3C25C4141AA83C7BA /* MyPluginLayer.h */ = {isa = PBXFileReference; explicitFileType = undefined; fileEncoding = 4; includeInIndex = 0; lastKnownFileType = sourcecode.c.h; name = MyPluginLayer.h; path = "cordova-plugin-googlemaps/MyPluginLayer.h"; sourceTree = "<group>"; };
		EB87FDF31871DA8E0020F90C /* www */ = {isa = PBXFileReference; lastKnownFileType = folder; name = www; path = ../../www; sourceTree = "<group>"; };
		EB87FDF41871DAF40020F90C /* config.xml */ = {isa = PBXFileReference; lastKnownFileType = text.xml; name = config.xml; path = ../../config.xml; sourceTree = "<group>"; };
		ECC26D963F044161858E57DE /* SQLitePlugin.m */ = {isa = PBXFileReference; explicitFileType = undefined; fileEncoding = 4; includeInIndex = 0; lastKnownFileType = sourcecode.c.objc; name = SQLitePlugin.m; path = "cordova-plugin-sqlite-2/SQLitePlugin.m"; sourceTree = "<group>"; };
		ED33DF2A687741AEAF9F8254 /* Bridging-Header.h */ = {isa = PBXFileReference; fileEncoding = 4; lastKnownFileType = sourcecode.c.h; path = "Bridging-Header.h"; sourceTree = "<group>"; };
		ED867CFAAD5A458FA6B9D631 /* MGLMapView+IBAdditions.h */ = {isa = PBXFileReference; explicitFileType = undefined; fileEncoding = 4; includeInIndex = 0; lastKnownFileType = sourcecode.c.h; name = "MGLMapView+IBAdditions.h"; path = "cordova-plugin-mapbox/MGLMapView+IBAdditions.h"; sourceTree = "<group>"; };
		EDA5042455004E958D2ED003 /* MyPlgunProtocol.h */ = {isa = PBXFileReference; explicitFileType = undefined; fileEncoding = 4; includeInIndex = 0; lastKnownFileType = sourcecode.c.h; name = MyPlgunProtocol.h; path = "cordova-plugin-googlemaps/MyPlgunProtocol.h"; sourceTree = "<group>"; };
		EE5EE9BCE59546ECB30D55E8 /* CDVAccelerometer.m */ = {isa = PBXFileReference; explicitFileType = undefined; fileEncoding = 4; includeInIndex = 0; lastKnownFileType = sourcecode.c.objc; name = CDVAccelerometer.m; path = "cordova-plugin-device-motion/CDVAccelerometer.m"; sourceTree = "<group>"; };
		F47B014B1A114B378F209B23 /* CDVContacts.m */ = {isa = PBXFileReference; explicitFileType = undefined; fileEncoding = 4; includeInIndex = 0; lastKnownFileType = sourcecode.c.objc; name = CDVContacts.m; path = "cordova-plugin-contacts/CDVContacts.m"; sourceTree = "<group>"; };
		F7CFAEC134C24849A7772945 /* NSData+Base64.podspec */ = {isa = PBXFileReference; explicitFileType = undefined; fileEncoding = 9; includeInIndex = 0; lastKnownFileType = unknown; name = "NSData+Base64.podspec"; path = "cordova-plugin-googlemaps/NSData+Base64.podspec"; sourceTree = "<group>"; };
		F7EEC116B0BC44CCB19BC7DA /* GMSCoordinateBounds+Geometry.m */ = {isa = PBXFileReference; explicitFileType = undefined; fileEncoding = 4; includeInIndex = 0; lastKnownFileType = sourcecode.c.objc; name = "GMSCoordinateBounds+Geometry.m"; path = "cordova-plugin-googlemaps/GMSCoordinateBounds+Geometry.m"; sourceTree = "<group>"; };
		F840E1F0165FE0F500CFE078 /* config.xml */ = {isa = PBXFileReference; lastKnownFileType = text.xml; name = config.xml; path = HelloToptal/config.xml; sourceTree = "<group>"; };
		F8ABA6ABEDDE4276A0632061 /* GoogleMapsBase.framework */ = {isa = PBXFileReference; explicitFileType = undefined; fileEncoding = 9; includeInIndex = 0; lastKnownFileType = wrapper.framework; name = GoogleMapsBase.framework; path = HelloToptal/Plugins/com.googlemaps.ios/GoogleMapsBase.framework; sourceTree = "<group>"; };
		FB9A561D2A4046E1B187F1DE /* GMSCoordinateBounds+Geometry.h */ = {isa = PBXFileReference; explicitFileType = undefined; fileEncoding = 4; includeInIndex = 0; lastKnownFileType = sourcecode.c.h; name = "GMSCoordinateBounds+Geometry.h"; path = "cordova-plugin-googlemaps/GMSCoordinateBounds+Geometry.h"; sourceTree = "<group>"; };
		FC266DB0219049E3865D61A9 /* CDVViewController+SplashScreen.m */ = {isa = PBXFileReference; explicitFileType = undefined; fileEncoding = 4; includeInIndex = 0; lastKnownFileType = sourcecode.c.objc; name = "CDVViewController+SplashScreen.m"; path = "cordova-plugin-splashscreen/CDVViewController+SplashScreen.m"; sourceTree = "<group>"; };
		FEAA48B62A8D46AAB7AB7C70 /* CoreLocation.framework */ = {isa = PBXFileReference; explicitFileType = undefined; fileEncoding = 9; includeInIndex = 0; lastKnownFileType = wrapper.framework; name = CoreLocation.framework; path = System/Library/Frameworks/CoreLocation.framework; sourceTree = SDKROOT; };
		FF17DCD7A836479DB4FEC2FA /* libc++.tbd */ = {isa = PBXFileReference; explicitFileType = undefined; fileEncoding = 9; includeInIndex = 0; lastKnownFileType = "sourcecode.text-based-dylib-definition"; name = "libc++.tbd"; path = "usr/lib/libc++.tbd"; sourceTree = SDKROOT; };
/* End PBXFileReference section */

/* Begin PBXFrameworksBuildPhase section */
		1D60588F0D05DD3D006BFB54 /* Frameworks */ = {
			isa = PBXFrameworksBuildPhase;
			buildActionMask = 2147483647;
			files = (
				301BF552109A68D80062928A /* libCordova.a in Frameworks */,
				E3C508955E9D4CB79AEC83EF /* Accelerate.framework in Frameworks */,
				4A7EAE1769804212BE59606A /* CoreData.framework in Frameworks */,
				DB056F30B9F342F7B86EDAD2 /* CoreLocation.framework in Frameworks */,
				DAEEBAAA828C491F8D91A522 /* CoreText.framework in Frameworks */,
				F591A280C6EF4F698F1E6B19 /* GLKit.framework in Frameworks */,
				A14C7D88E68B46DDA00DF90B /* ImageIO.framework in Frameworks */,
				E0663C8BFF104519A5482B71 /* libc++.tbd in Frameworks */,
				CD9D84E815E7411689445987 /* libz.tbd in Frameworks */,
				8BF2F8E59F934BB4B90952BB /* OpenGLES.framework in Frameworks */,
				8163FC5B4A41439DB5863653 /* QuartzCore.framework in Frameworks */,
				D75C55F9BC924CD999347B91 /* SystemConfiguration.framework in Frameworks */,
				044BDB3C1DEF4453AB230101 /* UIKit.framework in Frameworks */,
				6BE4EBC2D99B4D7ABD86DC89 /* GoogleMapsBase.framework in Frameworks */,
				0B6F1BEBDFB8494894970012 /* GoogleMaps.framework in Frameworks */,
				830A63C4598F41D5BC37AAEC /* GoogleMapsCore.framework in Frameworks */,
				B720C9D8F6874B67BE90BBEB /* AVFoundation.framework in Frameworks */,
				C1FD5B0EF7604FCDA4424745 /* AddressBook.framework in Frameworks */,
				62F0184493A24925A9D5DE88 /* AddressBookUI.framework in Frameworks */,
				EEC4663F0C6E460B9C457DD7 /* CoreMotion.framework in Frameworks */,
				B5C64D87789543369F170F08 /* AudioToolbox.framework in Frameworks */,
				7A3DFCDB90C142059CB77E2B /* libMapbox.a in Frameworks */,
				10CB05A5EC2E4960A0C71511 /* libc++.dylib in Frameworks */,
				FD84247CD0074E0D8B295BFF /* libsqlite3.dylib in Frameworks */,
				28B98CAD43364D50B1B7901A /* libz.dylib in Frameworks */,
			);
			runOnlyForDeploymentPostprocessing = 0;
		};
/* End PBXFrameworksBuildPhase section */

/* Begin PBXGroup section */
		080E96DDFE201D6D7F000001 /* Classes */ = {
			isa = PBXGroup;
			children = (
				302D95EE14D2391D003F00A1 /* MainViewController.h */,
				302D95EF14D2391D003F00A1 /* MainViewController.m */,
				302D95F014D2391D003F00A1 /* MainViewController.xib */,
				1D3623240D0F684500981E51 /* AppDelegate.h */,
				1D3623250D0F684500981E51 /* AppDelegate.m */,
			);
			name = Classes;
			path = HelloToptal/Classes;
			sourceTree = SOURCE_ROOT;
		};
		19C28FACFE9D520D11CA2CBB /* Products */ = {
			isa = PBXGroup;
			children = (
				1D6058910D05DD3D006BFB54 /* HelloToptal.app */,
			);
			name = Products;
			sourceTree = "<group>";
		};
		29B97314FDCFA39411CA2CEA /* CustomTemplate */ = {
			isa = PBXGroup;
			children = (
				EB87FDF41871DAF40020F90C /* config.xml */,
				EB87FDF31871DA8E0020F90C /* www */,
				EB87FDF11871DA420020F90C /* Staging */,
				301BF52D109A57CC0062928A /* CordovaLib.xcodeproj */,
				080E96DDFE201D6D7F000001 /* Classes */,
				307C750510C5A3420062BCA9 /* Plugins */,
				29B97315FDCFA39411CA2CEA /* Other Sources */,
				29B97317FDCFA39411CA2CEA /* Resources */,
				29B97323FDCFA39411CA2CEA /* Frameworks */,
				19C28FACFE9D520D11CA2CBB /* Products */,
			);
			name = CustomTemplate;
			sourceTree = "<group>";
		};
		29B97315FDCFA39411CA2CEA /* Other Sources */ = {
			isa = PBXGroup;
			children = (
				32CA4F630368D1EE00C91783 /* HelloToptal-Prefix.pch */,
				29B97316FDCFA39411CA2CEA /* main.m */,
				ED33DF2A687741AEAF9F8254 /* Bridging-Header.h */,
			);
			name = "Other Sources";
			path = HelloToptal;
			sourceTree = "<group>";
		};
		29B97317FDCFA39411CA2CEA /* Resources */ = {
			isa = PBXGroup;
			children = (
				0207DA571B56EA530066E2B4 /* Images.xcassets */,
				3047A50E1AB8057F00498E2A /* config */,
				8D1107310486CEB800E47090 /* HelloToptal-Info.plist */,
				6AFF5BF81D6E424B00AB3073 /* CDVLaunchScreen.storyboard */,
				8132E7A0625049619E83EB1F /* GoogleMaps.bundle */,
				5EBE5774857F4CDAA4A50E7E /* CDVNotification.bundle */,
				76F72B9560064952BB6C78B9 /* Mapbox.bundle */,
				1EBC3AC8BE9747EA9393997A /* Settings.bundle */,
			);
			name = Resources;
			path = HelloToptal/Resources;
			sourceTree = "<group>";
		};
		29B97323FDCFA39411CA2CEA /* Frameworks */ = {
			isa = PBXGroup;
			children = (
				25424B89A37642E08BB96B25 /* Accelerate.framework */,
				86F50D311DF14B4899099C93 /* CoreData.framework */,
				FEAA48B62A8D46AAB7AB7C70 /* CoreLocation.framework */,
				796E95A6CEA441D1AF0B5770 /* CoreText.framework */,
				07EE3AFBAF0A4951A030158F /* GLKit.framework */,
				3EFFBBBBE5C345248CE8F4B8 /* ImageIO.framework */,
				FF17DCD7A836479DB4FEC2FA /* libc++.tbd */,
				10A78C87C4604F36BB65D015 /* libz.tbd */,
				5AF16F9CAC894A0E9943D112 /* OpenGLES.framework */,
				1A272659C90C4F4EBE7B630C /* QuartzCore.framework */,
				0CDD685E5E164A6AA5705DF3 /* SystemConfiguration.framework */,
				4A457DE29EAC49FD8CB38BA7 /* UIKit.framework */,
				F8ABA6ABEDDE4276A0632061 /* GoogleMapsBase.framework */,
				A3997BF9D94149C1B9AA834D /* GoogleMaps.framework */,
				D33FD6574CC9414B846A0780 /* GoogleMapsCore.framework */,
				4A4D292AAC594A4C98047068 /* AVFoundation.framework */,
				4C1215BC0DD04812818473C9 /* AddressBook.framework */,
				20AA59697A474512AF3C660E /* AddressBookUI.framework */,
				19E2B3EFA33E42BF9A00FADC /* CoreMotion.framework */,
				BA3BD5545B164F8E854FAAB0 /* AudioToolbox.framework */,
				4D8E12B25C944FA398225C11 /* libMapbox.a */,
				597FFD1260BD4D56A8071E8D /* libc++.dylib */,
				DB5AB13D6C264179B6713FEB /* libsqlite3.dylib */,
				6E2EC7675F4E491A9CBEB9F1 /* libz.dylib */,
			);
			name = Frameworks;
			sourceTree = "<group>";
		};
		301BF52E109A57CC0062928A /* Products */ = {
			isa = PBXGroup;
			children = (
				301BF535109A57CC0062928A /* libCordova.a */,
			);
			name = Products;
			sourceTree = "<group>";
		};
		3047A50E1AB8057F00498E2A /* config */ = {
			isa = PBXGroup;
			children = (
				3047A50F1AB8059700498E2A /* build-debug.xcconfig */,
				3047A5101AB8059700498E2A /* build-release.xcconfig */,
				3047A5111AB8059700498E2A /* build.xcconfig */,
			);
			name = config;
			sourceTree = "<group>";
		};
		307C750510C5A3420062BCA9 /* Plugins */ = {
			isa = PBXGroup;
			children = (
				01CC012408704ABC8E7D69DB /* UIImage+CropScaleOrientation.m */,
				3957E9003C9C4304AECD5867 /* CDVCamera.m */,
				8035E80E4D374285A43E76CB /* CDVJpegHeaderWriter.m */,
				1A7B886578C94781BF71077B /* UIImage+CropScaleOrientation.h */,
				853C3F6F04A440F9B2B8496A /* CDVCamera.h */,
				7A1ED63DCB25497AB39BAD0B /* CDVJpegHeaderWriter.h */,
				704A524F500C48FFAC97AB0F /* CDVExif.h */,
				406CA7B007064AB48738B99A /* CDVLogger.m */,
				7A53B9DA1CF54D2580BCCCEF /* CDVLogger.h */,
				F47B014B1A114B378F209B23 /* CDVContacts.m */,
				B34B6DE590CA4EEC985851DF /* CDVContact.m */,
				48454FC43E2640FC94DD04BE /* CDVContacts.h */,
				591A882B86C14D988F27A050 /* CDVContact.h */,
				EE5EE9BCE59546ECB30D55E8 /* CDVAccelerometer.m */,
				22A165D55D0043799B86EEEA /* CDVAccelerometer.h */,
				64077CDE948140A8B258BBA2 /* CDVNotification.m */,
				B058ED8287854AB4A2DCA7A7 /* CDVNotification.h */,
				BB0535899D6E41B9AE6D83B7 /* CDVLocation.m */,
				6828F5D3D7C44B6688916E70 /* CDVLocation.h */,
				D067CBC929CF40E2A2FC4EAB /* Circle.m */,
				58B9BDBFE9E24170AE6DF1B9 /* External.m */,
				813FB311210043FEA13C5B5A /* Geocoder.m */,
				0E65E9191745489B8EEF9829 /* GoogleMaps.m */,
				064CE436CD4D420496924B90 /* GoogleMapsViewController.m */,
				2C58CF9DCC1D4D0CA531BB3B /* GroundOverlay.m */,
				829186688D3D4E94BD7EF924 /* KmlOverlay.m */,
				B92D38C80BCA41F08643DAA4 /* Map.m */,
				AF539A0638D24E179BBCCDF9 /* Marker.m */,
				0318843A1FD64FA8B664CE46 /* PluginUtil.m */,
				6E3DE23A5D264BDFBABAE02F /* Polygon.m */,
				BE6C96A34279400BA048B233 /* Polyline.m */,
				C62609BA5BB546ECAE3E359E /* TBXML.m */,
				C30D4CBA3FAC4925A714E5BE /* TileOverlay.m */,
				AFE565B8297849D9B2BEAD58 /* NSData+Base64.m */,
				F7EEC116B0BC44CCB19BC7DA /* GMSCoordinateBounds+Geometry.m */,
				5C43DE8DD9374329880CEFEF /* MyPluginLayer.m */,
				7D72061A8313429187795917 /* MyReachability.m */,
				3BFA092B72AC4897B7C74E85 /* MyPluginLayerDebugView.m */,
				DFF9BE41EE0A4C43A2D6EA89 /* MyPluginScrollView.m */,
				C30C67B8B9E34489975202F2 /* Circle.h */,
				7616D72E2B58410F9E9BEFB7 /* External.h */,
				2F75320F59E6443092DC033D /* Geocoder.h */,
				9E6B883E0E674FF1BC2A7356 /* GoogleMaps.h */,
				39A15685EFEC42AC908273D4 /* GoogleMapsViewController.h */,
				8170303A99F1486B9C150E56 /* GroundOverlay.h */,
				AE8E01586EFD47EA935FE06A /* KmlOverlay.h */,
				E35E89AD6ECA4D19BB4DBF8E /* Map.h */,
				100C487F9CED412CABF65D90 /* Marker.h */,
				EDA5042455004E958D2ED003 /* MyPlgunProtocol.h */,
				5BE09A56E4D34ADCA3584C6E /* PluginUtil.h */,
				9F2DD06F05FC423DAD985328 /* Polygon.h */,
				D6D8A7EFEE99418D88A1190F /* Polyline.h */,
				0DF7E7FA7ED04055922C7BCC /* TBXML.h */,
				21A53FFF1309485E9541BB24 /* TileOverlay.h */,
				A533F9D8A5954CC39B24F92B /* NSData+Base64.h */,
				F7CFAEC134C24849A7772945 /* NSData+Base64.podspec */,
				FB9A561D2A4046E1B187F1DE /* GMSCoordinateBounds+Geometry.h */,
				EB0A33B3C25C4141AA83C7BA /* MyPluginLayer.h */,
				C4F2C402C0D240B8AB759982 /* MyReachability.h */,
				A5F2A97125CD415888B167B7 /* MyPluginLayerDebugView.h */,
				6E3BA65124CF48DC9DD002BC /* MyPluginScrollView.h */,
				5F97ECF2484242A59D92E9CB /* CDVMapbox.m */,
				32B887E34C0F40B5A7C54FC6 /* CDVMapbox.h */,
				D09B9F88B8DA4CE0BF404A6C /* Mapbox.h */,
				042A98433682443D9CA85BA2 /* MGLAccountManager.h */,
				2733CA6AD6B046E4B4992DC7 /* MGLAnnotation.h */,
				97703815040B40608E185492 /* MGLAnnotationImage.h */,
				6CDB3306959A442581BFEB9C /* MGLGeometry.h */,
				1AC454DA81314DF5944357E7 /* MGLMapCamera.h */,
				ED867CFAAD5A458FA6B9D631 /* MGLMapView+IBAdditions.h */,
				9A99F84D972640DFA93C9E59 /* MGLMapView.h */,
				4B76542994B543D08D5119F7 /* MGLMultiPoint.h */,
				4BA0C430F566478ABC5CE90E /* MGLOverlay.h */,
				14674697B99441A6BCF7541C /* MGLPointAnnotation.h */,
				458C9556A035437B88204A78 /* MGLPolygon.h */,
				40708D4CC1BD403289E412A3 /* MGLPolyline.h */,
				CA7DA2BE54794EF48F9C0CED /* MGLShape.h */,
				02126747407947DDBC7DE92C /* MGLStyle.h */,
				12D91F54F6B94F7FA8B1035B /* MGLTypes.h */,
				173A004DB7F94945B7E2B8AE /* MGLUserLocation.h */,
				7ADC4A9092BD40F98E463552 /* CDVSplashScreen.m */,
				FC266DB0219049E3865D61A9 /* CDVViewController+SplashScreen.m */,
				D9257A6E684C459F9056923D /* CDVSplashScreen.h */,
				2FC320A8ED59413ABF21C212 /* CDVViewController+SplashScreen.h */,
				ECC26D963F044161858E57DE /* SQLitePlugin.m */,
				ADA3D3B55D544EBE9D51B7C1 /* SQLitePlugin.h */,
			);
			name = Plugins;
			path = HelloToptal/Plugins;
			sourceTree = SOURCE_ROOT;
		};
		EB87FDF11871DA420020F90C /* Staging */ = {
			isa = PBXGroup;
			children = (
				F840E1F0165FE0F500CFE078 /* config.xml */,
				301BF56E109A69640062928A /* www */,
			);
			name = Staging;
			sourceTree = "<group>";
		};
/* End PBXGroup section */

/* Begin PBXNativeTarget section */
		1D6058900D05DD3D006BFB54 /* HelloToptal */ = {
			isa = PBXNativeTarget;
			buildConfigurationList = 1D6058960D05DD3E006BFB54 /* Build configuration list for PBXNativeTarget "HelloToptal" */;
			buildPhases = (
				304B58A110DAC018002A0835 /* Copy www directory */,
				1D60588D0D05DD3D006BFB54 /* Resources */,
				1D60588E0D05DD3D006BFB54 /* Sources */,
				1D60588F0D05DD3D006BFB54 /* Frameworks */,
			);
			buildRules = (
			);
			dependencies = (
				301BF551109A68C00062928A /* PBXTargetDependency */,
			);
			name = HelloToptal;
			productName = HelloToptal;
			productReference = 1D6058910D05DD3D006BFB54 /* HelloToptal.app */;
			productType = "com.apple.product-type.application";
		};
/* End PBXNativeTarget section */

/* Begin PBXProject section */
		29B97313FDCFA39411CA2CEA /* Project object */ = {
			isa = PBXProject;
			attributes = {
				LastUpgradeCheck = 510;
				TargetAttributes = {
					1D6058900D05DD3D006BFB54 = {
						DevelopmentTeam = 4EU4PGMLU9;
					};
				};
			};
			buildConfigurationList = C01FCF4E08A954540054247B /* Build configuration list for PBXProject "HelloToptal" */;
			compatibilityVersion = "Xcode 3.2";
			developmentRegion = English;
			hasScannedForEncodings = 1;
			knownRegions = (
				en,
			);
			mainGroup = 29B97314FDCFA39411CA2CEA /* CustomTemplate */;
			projectDirPath = "";
			projectReferences = (
				{
					ProductGroup = 301BF52E109A57CC0062928A /* Products */;
					ProjectRef = 301BF52D109A57CC0062928A /* CordovaLib.xcodeproj */;
				},
			);
			projectRoot = "";
			targets = (
				1D6058900D05DD3D006BFB54 /* HelloToptal */,
			);
		};
/* End PBXProject section */

/* Begin PBXReferenceProxy section */
		301BF535109A57CC0062928A /* libCordova.a */ = {
			isa = PBXReferenceProxy;
			fileType = archive.ar;
			path = libCordova.a;
			remoteRef = 301BF534109A57CC0062928A /* PBXContainerItemProxy */;
			sourceTree = BUILT_PRODUCTS_DIR;
		};
/* End PBXReferenceProxy section */

/* Begin PBXResourcesBuildPhase section */
		1D60588D0D05DD3D006BFB54 /* Resources */ = {
			isa = PBXResourcesBuildPhase;
			buildActionMask = 2147483647;
			files = (
				302D95F214D2391D003F00A1 /* MainViewController.xib in Resources */,
				0207DA581B56EA530066E2B4 /* Images.xcassets in Resources */,
				6AFF5BF91D6E424B00AB3073 /* CDVLaunchScreen.storyboard in Resources */,
				73B74CEFDE544DE8A318DF6D /* GoogleMaps.bundle in Resources */,
				038988C975144DA4B10ADD90 /* CDVNotification.bundle in Resources */,
				74748F97C4174FD4BE283993 /* Mapbox.bundle in Resources */,
				0EEE30B818CA49AEB343681D /* Settings.bundle in Resources */,
			);
			runOnlyForDeploymentPostprocessing = 0;
		};
/* End PBXResourcesBuildPhase section */

/* Begin PBXShellScriptBuildPhase section */
		304B58A110DAC018002A0835 /* Copy www directory */ = {
			isa = PBXShellScriptBuildPhase;
			buildActionMask = 2147483647;
			files = (
			);
			inputPaths = (
			);
			name = "Copy www directory";
			outputPaths = (
			);
			runOnlyForDeploymentPostprocessing = 0;
			shellPath = /bin/sh;
			shellScript = "NODEJS_PATH=/usr/local/bin; NVM_NODE_PATH=~/.nvm/versions/node/`nvm version 2>/dev/null`/bin; N_NODE_PATH=`find /usr/local/n/versions/node/* -maxdepth 0 -type d 2>/dev/null | tail -1`/bin; XCODE_NODE_PATH=`xcode-select --print-path`/usr/share/xcs/Node/bin; PATH=$NODEJS_PATH:$NVM_NODE_PATH:$N_NODE_PATH:$XCODE_NODE_PATH:$PATH && node cordova/lib/copy-www-build-step.js";
			showEnvVarsInLog = 0;
		};
/* End PBXShellScriptBuildPhase section */

/* Begin PBXSourcesBuildPhase section */
		1D60588E0D05DD3D006BFB54 /* Sources */ = {
			isa = PBXSourcesBuildPhase;
			buildActionMask = 2147483647;
			files = (
				1D60589B0D05DD56006BFB54 /* main.m in Sources */,
				1D3623260D0F684500981E51 /* AppDelegate.m in Sources */,
				302D95F114D2391D003F00A1 /* MainViewController.m in Sources */,
				762409F7086C42CD8845C017 /* UIImage+CropScaleOrientation.m in Sources */,
				4A7413A571954F6499CA2B6B /* CDVCamera.m in Sources */,
				18947D3A7B6D412BA4030064 /* CDVJpegHeaderWriter.m in Sources */,
				3AEA979E1E234BDD90E0C9F4 /* CDVLogger.m in Sources */,
				05FBA1E56CCF4327AEA684AC /* CDVContacts.m in Sources */,
				764203FCC7ED4B81AA688AF9 /* CDVContact.m in Sources */,
				EF90E574ED1C467192E76835 /* CDVAccelerometer.m in Sources */,
				BD177FD48DB847158DF4EAE0 /* CDVNotification.m in Sources */,
				514E5359FA3B4CF693097AAC /* CDVLocation.m in Sources */,
				581B751B372C496DA006BC30 /* Circle.m in Sources */,
				0D09ABC2AF354A839571CA2B /* External.m in Sources */,
				8BC20BF4E17749FD8ADA3540 /* Geocoder.m in Sources */,
				2A84A90274BF4477B997A369 /* GoogleMaps.m in Sources */,
				21A611138B2D4305B9232C6B /* GoogleMapsViewController.m in Sources */,
				BF1587B28D904C97A9CA2EA3 /* GroundOverlay.m in Sources */,
				111B546304384FC8B2CFC49E /* KmlOverlay.m in Sources */,
				6E66A2777DF14EA3BA9CA90D /* Map.m in Sources */,
				6CF6266E62004096BEDF0AB0 /* Marker.m in Sources */,
				1C4034B00E2E4C56B883F07C /* PluginUtil.m in Sources */,
				EF1C026DDBE247CD83A3BCB4 /* Polygon.m in Sources */,
				D647BAC03D2342EA8B667AEB /* Polyline.m in Sources */,
				F5DB4944D32D4269869FEC6F /* TBXML.m in Sources */,
				22B919A9F6C34C44A0E88E0B /* TileOverlay.m in Sources */,
				5A08EA6161D040CA99006138 /* NSData+Base64.m in Sources */,
				1112013D47154B9695A95154 /* GMSCoordinateBounds+Geometry.m in Sources */,
				0B508E818B424FA193471873 /* MyPluginLayer.m in Sources */,
				AAFEA5B8A7674A2EB068727D /* MyReachability.m in Sources */,
				A82BBA3E828C4042A0D74C4B /* MyPluginLayerDebugView.m in Sources */,
				1271687857C54A12A61960CC /* MyPluginScrollView.m in Sources */,
				45047FDFB2064BD9881BA2C0 /* CDVMapbox.m in Sources */,
				E61E07F9947546629A5982A2 /* CDVSplashScreen.m in Sources */,
				5A176988B1444B8F85C46C62 /* CDVViewController+SplashScreen.m in Sources */,
				4C8ACE9D71DD4998A4C08C62 /* SQLitePlugin.m in Sources */,
			);
			runOnlyForDeploymentPostprocessing = 0;
		};
/* End PBXSourcesBuildPhase section */

/* Begin PBXTargetDependency section */
		301BF551109A68C00062928A /* PBXTargetDependency */ = {
			isa = PBXTargetDependency;
			name = CordovaLib;
			targetProxy = 301BF550109A68C00062928A /* PBXContainerItemProxy */;
		};
/* End PBXTargetDependency section */

/* Begin XCBuildConfiguration section */
		1D6058940D05DD3E006BFB54 /* Debug */ = {
			isa = XCBuildConfiguration;
			baseConfigurationReference = 3047A50F1AB8059700498E2A /* build-debug.xcconfig */;
			buildSettings = {
				ALWAYS_SEARCH_USER_PATHS = NO;
				ASSETCATALOG_COMPILER_APPICON_NAME = AppIcon;
				ASSETCATALOG_COMPILER_LAUNCHIMAGE_NAME = LaunchImage;
				CLANG_ENABLE_MODULES = YES;
				CLANG_ENABLE_OBJC_ARC = YES;
				COPY_PHASE_STRIP = NO;
				DEVELOPMENT_TEAM = 4EU4PGMLU9;
				FRAMEWORK_SEARCH_PATHS = (
					"$(inherited)",
					"\"HelloToptal/Plugins/com.googlemaps.ios\"",
					"\"HelloToptal/Plugins/com.googlemaps.ios\"",
					"\"HelloToptal/Plugins/com.googlemaps.ios\"",
				);
				GCC_DYNAMIC_NO_PIC = NO;
				GCC_OPTIMIZATION_LEVEL = 0;
				GCC_PRECOMPILE_PREFIX_HEADER = YES;
				GCC_PREFIX_HEADER = "HelloToptal/HelloToptal-Prefix.pch";
				GCC_THUMB_SUPPORT = NO;
				GCC_VERSION = "";
				INFOPLIST_FILE = "HelloToptal/HelloToptal-Info.plist";
				IPHONEOS_DEPLOYMENT_TARGET = 8.0;
				LD_RUNPATH_SEARCH_PATHS = "@executable_path/Frameworks";
				LIBRARY_SEARCH_PATHS = (
					"$(inherited)",
					"\"$(SRCROOT)/HelloToptal/Plugins/cordova-plugin-mapbox\"",
				);
				PRODUCT_NAME = HelloToptal;
				TARGETED_DEVICE_FAMILY = "1,2";
			};
			name = Debug;
		};
		1D6058950D05DD3E006BFB54 /* Release */ = {
			isa = XCBuildConfiguration;
			baseConfigurationReference = 3047A5101AB8059700498E2A /* build-release.xcconfig */;
			buildSettings = {
				ALWAYS_SEARCH_USER_PATHS = NO;
				ASSETCATALOG_COMPILER_APPICON_NAME = AppIcon;
				ASSETCATALOG_COMPILER_LAUNCHIMAGE_NAME = LaunchImage;
				CLANG_ENABLE_MODULES = YES;
				CLANG_ENABLE_OBJC_ARC = YES;
				COPY_PHASE_STRIP = YES;
				DEVELOPMENT_TEAM = 4EU4PGMLU9;
				FRAMEWORK_SEARCH_PATHS = (
					"$(inherited)",
					"\"HelloToptal/Plugins/com.googlemaps.ios\"",
					"\"HelloToptal/Plugins/com.googlemaps.ios\"",
					"\"HelloToptal/Plugins/com.googlemaps.ios\"",
				);
				GCC_PRECOMPILE_PREFIX_HEADER = YES;
				GCC_PREFIX_HEADER = "HelloToptal/HelloToptal-Prefix.pch";
				GCC_THUMB_SUPPORT = NO;
				GCC_VERSION = "";
				INFOPLIST_FILE = "HelloToptal/HelloToptal-Info.plist";
				IPHONEOS_DEPLOYMENT_TARGET = 8.0;
				LD_RUNPATH_SEARCH_PATHS = "@executable_path/Frameworks";
				LIBRARY_SEARCH_PATHS = (
					"$(inherited)",
					"\"$(SRCROOT)/HelloToptal/Plugins/cordova-plugin-mapbox\"",
				);
				PRODUCT_NAME = HelloToptal;
				TARGETED_DEVICE_FAMILY = "1,2";
			};
			name = Release;
		};
		C01FCF4F08A954540054247B /* Debug */ = {
			isa = XCBuildConfiguration;
			baseConfigurationReference = 3047A5111AB8059700498E2A /* build.xcconfig */;
			buildSettings = {
				CLANG_ENABLE_MODULES = YES;
				CLANG_ENABLE_OBJC_ARC = YES;
				CLANG_WARN_BOOL_CONVERSION = YES;
				CLANG_WARN_CONSTANT_CONVERSION = YES;
				CLANG_WARN_EMPTY_BODY = YES;
				CLANG_WARN_ENUM_CONVERSION = YES;
				CLANG_WARN_INT_CONVERSION = YES;
				CLANG_WARN__DUPLICATE_METHOD_MATCH = YES;
				GCC_C_LANGUAGE_STANDARD = c99;
				GCC_THUMB_SUPPORT = NO;
				GCC_VERSION = "";
				GCC_WARN_ABOUT_RETURN_TYPE = YES;
				GCC_WARN_UNDECLARED_SELECTOR = YES;
				GCC_WARN_UNINITIALIZED_AUTOS = YES;
				GCC_WARN_UNUSED_FUNCTION = YES;
				GCC_WARN_UNUSED_VARIABLE = YES;
				ONLY_ACTIVE_ARCH = YES;
				SDKROOT = iphoneos;
				SKIP_INSTALL = NO;
			};
			name = Debug;
		};
		C01FCF5008A954540054247B /* Release */ = {
			isa = XCBuildConfiguration;
			baseConfigurationReference = 3047A5111AB8059700498E2A /* build.xcconfig */;
			buildSettings = {
				CLANG_ENABLE_MODULES = YES;
				CLANG_ENABLE_OBJC_ARC = YES;
				CLANG_WARN_BOOL_CONVERSION = YES;
				CLANG_WARN_CONSTANT_CONVERSION = YES;
				CLANG_WARN_EMPTY_BODY = YES;
				CLANG_WARN_ENUM_CONVERSION = YES;
				CLANG_WARN_INT_CONVERSION = YES;
				CLANG_WARN__DUPLICATE_METHOD_MATCH = YES;
				GCC_C_LANGUAGE_STANDARD = c99;
				GCC_THUMB_SUPPORT = NO;
				GCC_VERSION = "";
				GCC_WARN_ABOUT_RETURN_TYPE = YES;
				GCC_WARN_UNDECLARED_SELECTOR = YES;
				GCC_WARN_UNINITIALIZED_AUTOS = YES;
				GCC_WARN_UNUSED_FUNCTION = YES;
				GCC_WARN_UNUSED_VARIABLE = YES;
				SDKROOT = iphoneos;
				SKIP_INSTALL = NO;
			};
			name = Release;
		};
/* End XCBuildConfiguration section */

/* Begin XCConfigurationList section */
		1D6058960D05DD3E006BFB54 /* Build configuration list for PBXNativeTarget "HelloToptal" */ = {
			isa = XCConfigurationList;
			buildConfigurations = (
				1D6058940D05DD3E006BFB54 /* Debug */,
				1D6058950D05DD3E006BFB54 /* Release */,
			);
			defaultConfigurationIsVisible = 0;
			defaultConfigurationName = Release;
		};
		C01FCF4E08A954540054247B /* Build configuration list for PBXProject "HelloToptal" */ = {
			isa = XCConfigurationList;
			buildConfigurations = (
				C01FCF4F08A954540054247B /* Debug */,
				C01FCF5008A954540054247B /* Release */,
			);
			defaultConfigurationIsVisible = 0;
			defaultConfigurationName = Release;
		};
/* End XCConfigurationList section */
	};
	rootObject = 29B97313FDCFA39411CA2CEA /* Project object */;
}
